{
  "lockfile_version": "1",
  "packages": {
    "fzf@0.74.3": {
      "last_modified": "2026-09-10T20:56:27Z",
      "resolved": "github:NixOS/nixpkgs/aff8a0b28396750446e5537a96461bc4facdb287#fzf",
      "source": "devbox-search",
      "version": "0.74.3",
      "systems": {
        "aarch64-darwin": {
          "outputs": [
            {
              "name": "out",
              "path": "/nix/store/7abbv8jr68frn2kg8qq0n74kriw548rw-fzf-0.74.3",
              "default": true
            },
            {
              "name": "man",
              "path": "/nix/store/x4xj68mi412yhm7wmy7686sm2pva614y-fzf-0.74.3-man",
              "default": true
            }
          ],
          "store_path": "/nix/store/7abbv8jr68frn2kg8qq0n74kriw548rw-fzf-0.74.3"
        },
        "aarch64-linux": {
          "outputs": [
            {
              "name": "out",
              "path": "/nix/store/8vg02a5v2z0zi5nb9kkygzz3qkhayf7c-fzf-0.74.3",
              "default": true
            },
            {
              "name": "man",
              "path": "/nix/store/fjfxi7vw05vir0yigf8c1g5rl6jn12xv-fzf-0.74.3-man",
              "default": true
            }
          ],
          "store_path": "/nix/store/8vg02a5v2z0zi5nb9kkygzz3qkhayf7c-fzf-0.74.3"
        },
        "x86_64-linux": {
          "outputs": [
            {
              "name": "out",
              "path": "/nix/store/a6yq1vjmqhwy5vw11mn3mrh9crzg7jxf-fzf-0.74.3",
              "default": true
            },
            {
              "name": "man",
              "path": "/nix/store/zs2z41mxwr56brs17kipjhjab2gwkc1x-fzf-0.74.3-man",
              "default": true
            }
          ],
          "store_path": "/nix/store/a6yq1vjmqhwy5vw11mn3mrh9crzg7jxf-fzf-0.74.3"
        }
      }
    },
    "github:NixOS/nixpkgs/nixpkgs-unstable": {
      "last_modified": "2026-09-30T11:58:46Z",
      "resolved": "github:NixOS/nixpkgs/c9fe7d12cd78d1adcd12dd15e24432dde5b155a0?lastModified=1790769526&narHash=sha256-5AIVFLRcx8YAwbFTVPTs7YhwJH7JyHfAQsvXmpovcXI%3D"
    },
    "jq@1.8.1": {
      "last_modified": "2026-07-03T16:41:56Z",
      "resolved": "github:NixOS/nixpkgs/0c190cd98e1f30cdbeff0ca149b2b17564a4a30e#jq",
      "source": "devbox-search",
      "version": "1.8.1",
      "systems": {
        "aarch64-darwin": {
          "outputs": [
            {
              "name": "bin",
              "path": "/nix/store/n9ri7m7j3l3ggx7ag8xm87cavjvcxycz-jq-1.8.1-bin",
              "default": true
            },
            {
              "name": "man",
              "path": "/nix/store/0l8f1i70kd15qadl45b4fvqlg2j7s5hn-jq-1.8.1-man",
              "default": true
            },
            {
              "name": "dev",
              "path": "/nix/store/pfp4psnwxs2ygda5sq6sr95x2snn6yjl-jq-1.8.1-dev"
            },
            {
              "name": "doc",
              "path": "/nix/store/6va29c6s0v4kqi0zvc5jhn7s31c9i4hd-jq-1.8.1-doc"
            },
            {
              "name": "out",
              "path": "/nix/store/phmsnvxjh6rmf7id4wahi3vllbj8fn4s-jq-1.8.1"
            }
          ],
          "store_path": "/nix/store/n9ri7m7j3l3ggx7ag8xm87cavjvcxycz-jq-1.8.1-bin"
        },
        "aarch64-linux": {
          "outputs": [
            {
              "name": "bin",
              "path": "/nix/store/hmwz4mnhiwyy1zyrypbdk6xqrxrpv4jp-jq-1.8.1-bin",
              "default": true
            },
            {
              "name": "man",
              "path": "/nix/store/iy9j5qqv7bkf0fnwh6pddfbk5q93i3nh-jq-1.8.1-man",
              "default": true
            },
            {
              "name": "dev",
              "path": "/nix/store/gkincbg9wkmasrxw36mmyvp08jyhcxxg-jq-1.8.1-dev"
            },
            {
              "name": "doc",
              "path": "/nix/store/vh84k872pnn2xavlx9j551056k1h579f-jq-1.8.1-doc"
            },
            {
              "name": "out",
              "path": "/nix/store/cs80rizzqf70hsya9n2h60zj9rf23sr5-jq-1.8.1"
            }
          ],
          "store_path": "/nix/store/hmwz4mnhiwyy1zyrypbdk6xqrxrpv4jp-jq-1.8.1-bin"
        },
        "x86_64-darwin": {
          "outputs": [
            {
              "name": "bin",
              "path": "/nix/store/glj1kzrb6jm7x4r5z400mcmja8ws657q-jq-1.8.1-bin",
              "default": true
            },
            {
              "name": "man",
              "path": "/nix/store/vpk901871j7kfmmb20i1vfxh5d8mhim2-jq-1.8.1-man",
              "default": true
            },
            {
              "name": "dev",
              "path": "/nix/store/akbah2c4a6xcgpx2l7xqqgfbxgi8anfj-jq-1.8.1-dev"
            },
            {
              "name": "doc",
              "path": "/nix/store/jb2xgi4gjvzwifzfmf4kzkimbgrhsaav-jq-1.8.1-doc"
            },
            {
              "name": "out",
              "path": "/nix/store/l4i89frkjf4dly7gxwbksrcimcgr2x8f-jq-1.8.1"
            }
          ],
          "store_path": "/nix/store/glj1kzrb6jm7x4r5z400mcmja8ws657q-jq-1.8.1-bin"
        },
        "x86_64-linux": {
          "outputs": [
            {
              "name": "bin",
              "path": "/nix/store/q0pj1dw2nr57y6b4pqljklf0hy20alfj-jq-1.8.1-bin",
              "default": true
            },
            {
              "name": "man",
              "path": "/nix/store/d21dmfzxkgpa7jkn5ggr0balzfg0j269-jq-1.8.1-man",
              "default": true
            },
            {
              "name": "dev",
              "path": "/nix/store/3vavalljj18drsycygl361zqz4rryygd-jq-1.8.1-dev"
            },
            {
              "name": "doc",
              "path": "/nix/store/nzhykmz9qn2vrb9ki6ddrpipic7rfpfb-jq-1.8.1-doc"
            },
            {
              "name": "out",
              "path": "/nix/store/bzm6nb8fx5p005bygrarn48i6qy1ir3a-jq-1.8.1"
            }
          ],
          "store_path": "/nix/store/q0pj1dw2nr57y6b4pqljklf0hy20alfj-jq-1.8.1-bin"
        }
      }
    },
    "nodejs@22": {
      "last_modified": "2026-10-04T16:11:07Z",
      "plugin_version": "0.0.5",
      "resolved": "github:NixOS/nixpkgs/9013764fcc0ea99fa16cf7aa7decf8a5c3889dd2#nodejs_22",
      "source": "devbox-search",
      "version": "22.23.3",
      "systems": {
        "aarch64-darwin": {
          "outputs": [
            {
              "name": "out",
              "path": "/nix/store/31a8g9hg40fh1gs7241pyszrq8a4bajb-nodejs-22.23.3",
              "default": true
            }
          ],
          "store_path": "/nix/store/31a8g9hg40fh1gs7241pyszrq8a4bajb-nodejs-22.23.3"
        },
        "aarch64-linux": {
          "outputs": [
            {
              "name": "out",
              "path": "/nix/store/1nzpiv2idya913acb1wd1ydxvd2dw0pz-nodejs-22.23.3",
              "default": true
            }
          ],
          "store_path": "/nix/store/1nzpiv2idya913acb1wd1ydxvd2dw0pz-nodejs-22.23.3"
        },
        "x86_64-linux": {
          "outputs": [
            {
              "name": "out",
              "path": "/nix/store/qshvhyv92g772jjsm2zrgzxc4ai4iqfx-nodejs-22.23.3",
              "default": true
            }
          ],
          "store_path": "/nix/store/qshvhyv92g772jjsm2zrgzxc4ai4iqfx-nodejs-22.23.3"
        }
      }
    }
  }
}
